
Microsoft Visual Studio Solution File, Format Version 12.00
# Visual Studio 2012
Project("{F184B08F-C81C-45F6-A57F-5ABD9991F28F}") = "RunPE - Gen", "RunPE - Gen\RunPE - Gen.vbproj", "{D0590FE3-BCF2-45D6-9C36-72A260569CC3}"
EndProject
Global
	GlobalSection(SolutionConfigurationPlatforms) = preSolution
		Debug|Any CPU = Debug|Any CPU
		Release|Any CPU = Release|Any CPU
	EndGlobalSection
	GlobalSection(ProjectConfigurationPlatforms) = postSolution
		{D0590FE3-BCF2-45D6-9C36-72A260569CC3}.Debug|Any CPU.ActiveCfg = Debug|Any CPU
		{D0590FE3-BCF2-45D6-9C36-72A260569CC3}.Debug|Any CPU.Build.0 = Debug|Any CPU
		{D0590FE3-BCF2-45D6-9C36-72A260569CC3}.Release|Any CPU.ActiveCfg = Release|Any CPU
		{D0590FE3-BCF2-45D6-9C36-72A260569CC3}.Release|Any CPU.Build.0 = Release|Any CPU
	EndGlobalSection
	GlobalSection(SolutionProperties) = preSolution
		HideSolutionNode = FALSE
	EndGlobalSection
EndGlobal
